
Microsoft Visual Studio Solution File, Format Version 12.00
# Visual Studio Version 17
VisualStudioVersion = 17.7.34221.43
MinimumVisualStudioVersion = 10.0.40219.1
Project("{FAE04EC0-301F-11D3-BF4B-00C04F79EFBC}") = "task2", "task2\task2.csproj", "{39C3E0AA-E2EE-40F8-8C0B-2071DE0B3BAF}"
EndProject
Global
	GlobalSection(SolutionConfigurationPlatforms) = preSolution
		Debug|Any CPU = Debug|Any CPU
		Release|Any CPU = Release|Any CPU
	EndGlobalSection
	GlobalSection(ProjectConfigurationPlatforms) = postSolution
		{39C3E0AA-E2EE-40F8-8C0B-2071DE0B3BAF}.Debug|Any CPU.ActiveCfg = Debug|Any CPU
		{39C3E0AA-E2EE-40F8-8C0B-2071DE0B3BAF}.Debug|Any CPU.Build.0 = Debug|Any CPU
		{39C3E0AA-E2EE-40F8-8C0B-2071DE0B3BAF}.Release|Any CPU.ActiveCfg = Release|Any CPU
		{39C3E0AA-E2EE-40F8-8C0B-2071DE0B3BAF}.Release|Any CPU.Build.0 = Release|Any CPU
	EndGlobalSection
	GlobalSection(SolutionProperties) = preSolution
		HideSolutionNode = FALSE
	EndGlobalSection
	GlobalSection(ExtensibilityGlobals) = postSolution
		SolutionGuid = {E97183F2-62D3-4382-B2A6-1BE21A28A073}
	EndGlobalSection
EndGlobal
